
Microsoft Visual Studio Solution File, Format Version 12.00
# Visual Studio Version 16
VisualStudioVersion = 16.0.31313.79
MinimumVisualStudioVersion = 10.0.40219.1
Project("{FAE04EC0-301F-11D3-BF4B-00C04F79EFBC}") = "MyMobileApp.Android", "MyMobileApp\MyMobileApp.Android\MyMobileApp.Android.csproj", "{91FA0826-6114-48EE-871D-DB8483A63CF5}"
EndProject
Project("{FAE04EC0-301F-11D3-BF4B-00C04F79EFBC}") = "MyMobileApp.iOS", "MyMobileApp\MyMobileApp.iOS\MyMobileApp.iOS.csproj", "{561BB3CE-8DA4-49DA-89C3-B5634C38C249}"
EndProject
Project("{FAE04EC0-301F-11D3-BF4B-00C04F79EFBC}") = "MyMobileApp", "MyMobileApp\MyMobileApp\MyMobileApp.csproj", "{1F4CE894-451F-41ED-B8D4-6EC997B5DF59}"
EndProject
Global
	GlobalSection(SolutionConfigurationPlatforms) = preSolution
		Debug|Any CPU = Debug|Any CPU
		Debug|iPhone = Debug|iPhone
		Debug|iPhoneSimulator = Debug|iPhoneSimulator
		Release|Any CPU = Release|Any CPU
		Release|iPhone = Release|iPhone
		Release|iPhoneSimulator = Release|iPhoneSimulator
	EndGlobalSection
	GlobalSection(ProjectConfigurationPlatforms) = postSolution
		{91FA0826-6114-48EE-871D-DB8483A63CF5}.Debug|Any CPU.ActiveCfg = Debug|Any CPU
		{91FA0826-6114-48EE-871D-DB8483A63CF5}.Debug|Any CPU.Build.0 = Debug|Any CPU
		{91FA0826-6114-48EE-871D-DB8483A63CF5}.Debug|Any CPU.Deploy.0 = Debug|Any CPU
		{91FA0826-6114-48EE-871D-DB8483A63CF5}.Debug|iPhone.ActiveCfg = Debug|Any CPU
		{91FA0826-6114-48EE-871D-DB8483A63CF5}.Debug|iPhone.Build.0 = Debug|Any CPU
		{91FA0826-6114-48EE-871D-DB8483A63CF5}.Debug|iPhone.Deploy.0 = Debug|Any CPU
		{91FA0826-6114-48EE-871D-DB8483A63CF5}.Debug|iPhoneSimulator.ActiveCfg = Debug|Any CPU
		{91FA0826-6114-48EE-871D-DB8483A63CF5}.Debug|iPhoneSimulator.Build.0 = Debug|Any CPU
		{91FA0826-6114-48EE-871D-DB8483A63CF5}.Debug|iPhoneSimulator.Deploy.0 = Debug|Any CPU
		{91FA0826-6114-48EE-871D-DB8483A63CF5}.Release|Any CPU.ActiveCfg = Release|Any CPU
		{91FA0826-6114-48EE-871D-DB8483A63CF5}.Release|Any CPU.Build.0 = Release|Any CPU
		{91FA0826-6114-48EE-871D-DB8483A63CF5}.Release|Any CPU.Deploy.0 = Release|Any CPU
		{91FA0826-6114-48EE-871D-DB8483A63CF5}.Release|iPhone.ActiveCfg = Release|Any CPU
		{91FA0826-6114-48EE-871D-DB8483A63CF5}.Release|iPhone.Build.0 = Release|Any CPU
		{91FA0826-6114-48EE-871D-DB8483A63CF5}.Release|iPhone.Deploy.0 = Release|Any CPU
		{91FA0826-6114-48EE-871D-DB8483A63CF5}.Release|iPhoneSimulator.ActiveCfg = Release|Any CPU
		{91FA0826-6114-48EE-871D-DB8483A63CF5}.Release|iPhoneSimulator.Build.0 = Release|Any CPU
		{91FA0826-6114-48EE-871D-DB8483A63CF5}.Release|iPhoneSimulator.Deploy.0 = Release|Any CPU
		{561BB3CE-8DA4-49DA-89C3-B5634C38C249}.Debug|Any CPU.ActiveCfg = Debug|iPhone
		{561BB3CE-8DA4-49DA-89C3-B5634C38C249}.Debug|Any CPU.Build.0 = Debug|iPhone
		{561BB3CE-8DA4-49DA-89C3-B5634C38C249}.Debug|Any CPU.Deploy.0 = Debug|iPhone
		{561BB3CE-8DA4-49DA-89C3-B5634C38C249}.Debug|iPhone.ActiveCfg = Debug|iPhone
		{561BB3CE-8DA4-49DA-89C3-B5634C38C249}.Debug|iPhone.Build.0 = Debug|iPhone
		{561BB3CE-8DA4-49DA-89C3-B5634C38C249}.Debug|iPhone.Deploy.0 = Debug|iPhone
		{561BB3CE-8DA4-49DA-89C3-B5634C38C249}.Debug|iPhoneSimulator.ActiveCfg = Debug|iPhoneSimulator
		{561BB3CE-8DA4-49DA-89C3-B5634C38C249}.Debug|iPhoneSimulator.Build.0 = Debug|iPhoneSimulator
		{561BB3CE-8DA4-49DA-89C3-B5634C38C249}.Debug|iPhoneSimulator.Deploy.0 = Debug|iPhoneSimulator
		{561BB3CE-8DA4-49DA-89C3-B5634C38C249}.Release|Any CPU.ActiveCfg = Release|iPhoneSimulator
		{561BB3CE-8DA4-49DA-89C3-B5634C38C249}.Release|Any CPU.Build.0 = Release|iPhoneSimulator
		{561BB3CE-8DA4-49DA-89C3-B5634C38C249}.Release|Any CPU.Deploy.0 = Release|iPhoneSimulator
		{561BB3CE-8DA4-49DA-89C3-B5634C38C249}.Release|iPhone.ActiveCfg = Release|iPhone
		{561BB3CE-8DA4-49DA-89C3-B5634C38C249}.Release|iPhone.Build.0 = Release|iPhone
		{561BB3CE-8DA4-49DA-89C3-B5634C38C249}.Release|iPhone.Deploy.0 = Release|iPhone
		{561BB3CE-8DA4-49DA-89C3-B5634C38C249}.Release|iPhoneSimulator.ActiveCfg = Release|iPhoneSimulator
		{561BB3CE-8DA4-49DA-89C3-B5634C38C249}.Release|iPhoneSimulator.Build.0 = Release|iPhoneSimulator
		{561BB3CE-8DA4-49DA-89C3-B5634C38C249}.Release|iPhoneSimulator.Deploy.0 = Release|iPhoneSimulator
		{1F4CE894-451F-41ED-B8D4-6EC997B5DF59}.Debug|Any CPU.ActiveCfg = Debug|Any CPU
		{1F4CE894-451F-41ED-B8D4-6EC997B5DF59}.Debug|Any CPU.Build.0 = Debug|Any CPU
		{1F4CE894-451F-41ED-B8D4-6EC997B5DF59}.Debug|Any CPU.Deploy.0 = Debug|Any CPU
		{1F4CE894-451F-41ED-B8D4-6EC997B5DF59}.Debug|iPhone.ActiveCfg = Debug|Any CPU
		{1F4CE894-451F-41ED-B8D4-6EC997B5DF59}.Debug|iPhone.Build.0 = Debug|Any CPU
		{1F4CE894-451F-41ED-B8D4-6EC997B5DF59}.Debug|iPhone.Deploy.0 = Debug|Any CPU
		{1F4CE894-451F-41ED-B8D4-6EC997B5DF59}.Debug|iPhoneSimulator.ActiveCfg = Debug|Any CPU
		{1F4CE894-451F-41ED-B8D4-6EC997B5DF59}.Debug|iPhoneSimulator.Build.0 = Debug|Any CPU
		{1F4CE894-451F-41ED-B8D4-6EC997B5DF59}.Debug|iPhoneSimulator.Deploy.0 = Debug|Any CPU
		{1F4CE894-451F-41ED-B8D4-6EC997B5DF59}.Release|Any CPU.ActiveCfg = Release|Any CPU
		{1F4CE894-451F-41ED-B8D4-6EC997B5DF59}.Release|Any CPU.Build.0 = Release|Any CPU
		{1F4CE894-451F-41ED-B8D4-6EC997B5DF59}.Release|Any CPU.Deploy.0 = Release|Any CPU
		{1F4CE894-451F-41ED-B8D4-6EC997B5DF59}.Release|iPhone.ActiveCfg = Release|Any CPU
		{1F4CE894-451F-41ED-B8D4-6EC997B5DF59}.Release|iPhone.Build.0 = Release|Any CPU
		{1F4CE894-451F-41ED-B8D4-6EC997B5DF59}.Release|iPhone.Deploy.0 = Release|Any CPU
		{1F4CE894-451F-41ED-B8D4-6EC997B5DF59}.Release|iPhoneSimulator.ActiveCfg = Release|Any CPU
		{1F4CE894-451F-41ED-B8D4-6EC997B5DF59}.Release|iPhoneSimulator.Build.0 = Release|Any CPU
		{1F4CE894-451F-41ED-B8D4-6EC997B5DF59}.Release|iPhoneSimulator.Deploy.0 = Release|Any CPU
	EndGlobalSection
	GlobalSection(SolutionProperties) = preSolution
		HideSolutionNode = FALSE
	EndGlobalSection
	GlobalSection(ExtensibilityGlobals) = postSolution
		SolutionGuid = {A77727AE-FF2D-4019-A2D2-4BF90D9C9E6D}
	EndGlobalSection
EndGlobal
